
Microsoft Visual Studio Solution File, Format Version 12.00
# Visual Studio 2015
Project("{FAE04EC0-301F-11D3-BF4B-00C04F79EFBC}") = "CircuitoSaudavel2D.Plugins", "CircuitoSaudavel2D.Plugins.csproj", "{B4A752EE-8FAC-962A-E21D-6C2675A3751B}"
EndProject
Project("{FAE04EC0-301F-11D3-BF4B-00C04F79EFBC}") = "CircuitoSaudavel2D", "CircuitoSaudavel2D.csproj", "{6D3FBBA5-051B-184C-B9D8-5D13A8756672}"
EndProject
Project("{FAE04EC0-301F-11D3-BF4B-00C04F79EFBC}") = "CircuitoSaudavel2D.Editor.Plugins", "CircuitoSaudavel2D.Editor.Plugins.csproj", "{13E630D9-97A2-E39D-3A7A-C1AC95DB2E2F}"
EndProject
Global
	GlobalSection(SolutionConfigurationPlatforms) = preSolution
		Debug|Any CPU = Debug|Any CPU
		Release|Any CPU = Release|Any CPU
	EndGlobalSection
	GlobalSection(ProjectConfigurationPlatforms) = postSolution
		{B4A752EE-8FAC-962A-E21D-6C2675A3751B}.Debug|Any CPU.ActiveCfg = Debug|Any CPU
		{B4A752EE-8FAC-962A-E21D-6C2675A3751B}.Debug|Any CPU.Build.0 = Debug|Any CPU
		{B4A752EE-8FAC-962A-E21D-6C2675A3751B}.Release|Any CPU.ActiveCfg = Release|Any CPU
		{B4A752EE-8FAC-962A-E21D-6C2675A3751B}.Release|Any CPU.Build.0 = Release|Any CPU
		{6D3FBBA5-051B-184C-B9D8-5D13A8756672}.Debug|Any CPU.ActiveCfg = Debug|Any CPU
		{6D3FBBA5-051B-184C-B9D8-5D13A8756672}.Debug|Any CPU.Build.0 = Debug|Any CPU
		{6D3FBBA5-051B-184C-B9D8-5D13A8756672}.Release|Any CPU.ActiveCfg = Release|Any CPU
		{6D3FBBA5-051B-184C-B9D8-5D13A8756672}.Release|Any CPU.Build.0 = Release|Any CPU
		{13E630D9-97A2-E39D-3A7A-C1AC95DB2E2F}.Debug|Any CPU.ActiveCfg = Debug|Any CPU
		{13E630D9-97A2-E39D-3A7A-C1AC95DB2E2F}.Debug|Any CPU.Build.0 = Debug|Any CPU
		{13E630D9-97A2-E39D-3A7A-C1AC95DB2E2F}.Release|Any CPU.ActiveCfg = Release|Any CPU
		{13E630D9-97A2-E39D-3A7A-C1AC95DB2E2F}.Release|Any CPU.Build.0 = Release|Any CPU
	EndGlobalSection
	GlobalSection(SolutionProperties) = preSolution
		HideSolutionNode = FALSE
	EndGlobalSection
EndGlobal
